
Microsoft Visual Studio Solution File, Format Version 11.00
# Visual Studio 2010
Project("{FAE04EC0-301F-11D3-BF4B-00C04F79EFBC}") = "Blagajna", "Blagajna.csproj", "{662FD7D1-52B0-4473-B0B2-B7D35D610FB2}"
EndProject
Project("{FAE04EC0-301F-11D3-BF4B-00C04F79EFBC}") = "CommandLineHelp", "..\CommandLineHelp\CommandLineHelp.csproj", "{5C02A9FF-0E40-4F63-89C5-8AFCD9D4869D}"
EndProject
Project("{FAE04EC0-301F-11D3-BF4B-00C04F79EFBC}") = "Crom.Controls", "..\Crom.Controls\Crom.Controls.csproj", "{F2999C1D-BED3-4D47-A8AC-8027334ECDC1}"
EndProject
Project("{FAE04EC0-301F-11D3-BF4B-00C04F79EFBC}") = "DBConnectionControl_Settings", "..\DBConnectionControl_Settings\DBConnectionControl_Settings.csproj", "{E5865963-2DC3-4F0D-B80C-76A1092E43E4}"
EndProject
Project("{FAE04EC0-301F-11D3-BF4B-00C04F79EFBC}") = "DBConnectionControl40", "..\DBConectionControl35\DBConnectionControl40.csproj", "{322AF3BF-B609-477D-9D2B-39A9BBBBC721}"
EndProject
Project("{FAE04EC0-301F-11D3-BF4B-00C04F79EFBC}") = "DataGridView_2xls", "..\DataGridView_2xls\DataGridView_2xls.csproj", "{3A0F6691-D8D0-4005-902A-215DA5F671B4}"
EndProject
Project("{FAE04EC0-301F-11D3-BF4B-00C04F79EFBC}") = "Excell_Export", "..\Excell_Export\Excell_Export.csproj", "{5F7E6571-AC5E-44BC-A805-A0726D99B82C}"
EndProject
Project("{8BC9CEB8-8B4A-11D0-8D11-00A0C91BC942}") = "oExcel40", "..\ExcelObject\oExcel\oExcel.vcxproj", "{A0B4DC0C-A2F2-4C15-92A5-75BD64365F2E}"
EndProject
Project("{FAE04EC0-301F-11D3-BF4B-00C04F79EFBC}") = "DBTypes", "..\DBTypes\DBTypes.csproj", "{3C726999-1AD1-4321-8D63-D1136A3F071C}"
EndProject
Project("{FAE04EC0-301F-11D3-BF4B-00C04F79EFBC}") = "IniFile", "..\IniFile\IniFile.csproj", "{8DE992CA-DA95-4AEF-AB52-01332A034536}"
EndProject
Project("{FAE04EC0-301F-11D3-BF4B-00C04F79EFBC}") = "LogFile", "..\LogFile\LogFile.csproj", "{6B46E1F3-1818-4AF1-B63F-19E31C6B6170}"
EndProject
Project("{FAE04EC0-301F-11D3-BF4B-00C04F79EFBC}") = "LanguageControl", "..\LanguageControl\LanguageControl.csproj", "{949968F4-DD18-406E-93A5-9EA7BEFCD0B0}"
EndProject
Project("{FAE04EC0-301F-11D3-BF4B-00C04F79EFBC}") = "SearchLocalNetwork", "..\SearchLocalNetworkControl\SearchLocalNetwork.csproj", "{1614095B-FC53-4CD6-BFAE-1D2D2ED81332}"
EndProject
Project("{FAE04EC0-301F-11D3-BF4B-00C04F79EFBC}") = "SQLTableControl", "..\SQLTableControl\SQLTableControl.csproj", "{9E74DCDB-34E6-41CB-B677-C9A0D6C4C10D}"
EndProject
Project("{FAE04EC0-301F-11D3-BF4B-00C04F79EFBC}") = "StaticLib", "..\StaticLib\StaticLib.csproj", "{86E2D927-2C40-4488-A51A-0A1104478886}"
EndProject
Project("{FAE04EC0-301F-11D3-BF4B-00C04F79EFBC}") = "DigitalRune.Windows.TextEditor", "..\DigitalRune.Windows.TextEditor\DigitalRune.Windows.TextEditor.csproj", "{2D18BE89-D210-49EB-A9DD-2246FBB3DF6D}"
EndProject
Project("{FAE04EC0-301F-11D3-BF4B-00C04F79EFBC}") = "ProgramDiagnostic", "..\ProgramDiagnostic\ProgramDiagnostic.csproj", "{88F14AAD-B6BC-415A-9195-C3314ADDEA6F}"
EndProject
Project("{FAE04EC0-301F-11D3-BF4B-00C04F79EFBC}") = "BlagajnaDataBaseDef", "..\BlagajnaDataBaseDef\BlagajnaDataBaseDef.csproj", "{5ACCE3B7-EB06-439E-B24D-393ECAB98980}"
EndProject
Project("{FAE04EC0-301F-11D3-BF4B-00C04F79EFBC}") = "BlagajnaTableClass", "..\BlagajnaTableClass\BlagajnaTableClass.csproj", "{6A6BA51A-A49E-4BE9-8C5D-2B332EFA0B62}"
EndProject
Project("{FAE04EC0-301F-11D3-BF4B-00C04F79EFBC}") = "ComboBox_Recent", "..\ComboBox_Recent\ComboBox_Recent.csproj", "{0F0AFE83-5E47-49CF-888A-79A03FA71321}"
EndProject
Global
	GlobalSection(SolutionConfigurationPlatforms) = preSolution
		Debug|Any CPU = Debug|Any CPU
		Debug|Mixed Platforms = Debug|Mixed Platforms
		Debug|Win32 = Debug|Win32
		Debug|x86 = Debug|x86
		Release|Any CPU = Release|Any CPU
		Release|Mixed Platforms = Release|Mixed Platforms
		Release|Win32 = Release|Win32
		Release|x86 = Release|x86
	EndGlobalSection
	GlobalSection(ProjectConfigurationPlatforms) = postSolution
		{662FD7D1-52B0-4473-B0B2-B7D35D610FB2}.Debug|Any CPU.ActiveCfg = Debug|Any CPU
		{662FD7D1-52B0-4473-B0B2-B7D35D610FB2}.Debug|Any CPU.Build.0 = Debug|Any CPU
		{662FD7D1-52B0-4473-B0B2-B7D35D610FB2}.Debug|Mixed Platforms.ActiveCfg = Debug|Any CPU
		{662FD7D1-52B0-4473-B0B2-B7D35D610FB2}.Debug|Mixed Platforms.Build.0 = Debug|Any CPU
		{662FD7D1-52B0-4473-B0B2-B7D35D610FB2}.Debug|Win32.ActiveCfg = Debug|Any CPU
		{662FD7D1-52B0-4473-B0B2-B7D35D610FB2}.Debug|x86.ActiveCfg = Debug|Any CPU
		{662FD7D1-52B0-4473-B0B2-B7D35D610FB2}.Debug|x86.Build.0 = Debug|Any CPU
		{662FD7D1-52B0-4473-B0B2-B7D35D610FB2}.Release|Any CPU.ActiveCfg = Release|Any CPU
		{662FD7D1-52B0-4473-B0B2-B7D35D610FB2}.Release|Any CPU.Build.0 = Release|Any CPU
		{662FD7D1-52B0-4473-B0B2-B7D35D610FB2}.Release|Mixed Platforms.ActiveCfg = Release|Any CPU
		{662FD7D1-52B0-4473-B0B2-B7D35D610FB2}.Release|Mixed Platforms.Build.0 = Release|Any CPU
		{662FD7D1-52B0-4473-B0B2-B7D35D610FB2}.Release|Win32.ActiveCfg = Release|Any CPU
		{662FD7D1-52B0-4473-B0B2-B7D35D610FB2}.Release|x86.ActiveCfg = Release|Any CPU
		{5C02A9FF-0E40-4F63-89C5-8AFCD9D4869D}.Debug|Any CPU.ActiveCfg = Debug|Any CPU
		{5C02A9FF-0E40-4F63-89C5-8AFCD9D4869D}.Debug|Any CPU.Build.0 = Debug|Any CPU
		{5C02A9FF-0E40-4F63-89C5-8AFCD9D4869D}.Debug|Mixed Platforms.ActiveCfg = Debug|Any CPU
		{5C02A9FF-0E40-4F63-89C5-8AFCD9D4869D}.Debug|Mixed Platforms.Build.0 = Debug|Any CPU
		{5C02A9FF-0E40-4F63-89C5-8AFCD9D4869D}.Debug|Win32.ActiveCfg = Debug|Any CPU
		{5C02A9FF-0E40-4F63-89C5-8AFCD9D4869D}.Debug|x86.ActiveCfg = Debug|Any CPU
		{5C02A9FF-0E40-4F63-89C5-8AFCD9D4869D}.Debug|x86.Build.0 = Debug|Any CPU
		{5C02A9FF-0E40-4F63-89C5-8AFCD9D4869D}.Release|Any CPU.ActiveCfg = Release|Any CPU
		{5C02A9FF-0E40-4F63-89C5-8AFCD9D4869D}.Release|Any CPU.Build.0 = Release|Any CPU
		{5C02A9FF-0E40-4F63-89C5-8AFCD9D4869D}.Release|Mixed Platforms.ActiveCfg = Release|Any CPU
		{5C02A9FF-0E40-4F63-89C5-8AFCD9D4869D}.Release|Mixed Platforms.Build.0 = Release|Any CPU
		{5C02A9FF-0E40-4F63-89C5-8AFCD9D4869D}.Release|Win32.ActiveCfg = Release|Any CPU
		{5C02A9FF-0E40-4F63-89C5-8AFCD9D4869D}.Release|x86.ActiveCfg = Release|Any CPU
		{F2999C1D-BED3-4D47-A8AC-8027334ECDC1}.Debug|Any CPU.ActiveCfg = Debug|Any CPU
		{F2999C1D-BED3-4D47-A8AC-8027334ECDC1}.Debug|Any CPU.Build.0 = Debug|Any CPU
		{F2999C1D-BED3-4D47-A8AC-8027334ECDC1}.Debug|Mixed Platforms.ActiveCfg = Debug|x86
		{F2999C1D-BED3-4D47-A8AC-8027334ECDC1}.Debug|Mixed Platforms.Build.0 = Debug|x86
		{F2999C1D-BED3-4D47-A8AC-8027334ECDC1}.Debug|Win32.ActiveCfg = Debug|x86
		{F2999C1D-BED3-4D47-A8AC-8027334ECDC1}.Debug|x86.ActiveCfg = Debug|x86
		{F2999C1D-BED3-4D47-A8AC-8027334ECDC1}.Debug|x86.Build.0 = Debug|x86
		{F2999C1D-BED3-4D47-A8AC-8027334ECDC1}.Release|Any CPU.ActiveCfg = Release|Any CPU
		{F2999C1D-BED3-4D47-A8AC-8027334ECDC1}.Release|Any CPU.Build.0 = Release|Any CPU
		{F2999C1D-BED3-4D47-A8AC-8027334ECDC1}.Release|Mixed Platforms.ActiveCfg = Release|x86
		{F2999C1D-BED3-4D47-A8AC-8027334ECDC1}.Release|Mixed Platforms.Build.0 = Release|x86
		{F2999C1D-BED3-4D47-A8AC-8027334ECDC1}.Release|Win32.ActiveCfg = Release|x86
		{F2999C1D-BED3-4D47-A8AC-8027334ECDC1}.Release|x86.ActiveCfg = Release|x86
		{F2999C1D-BED3-4D47-A8AC-8027334ECDC1}.Release|x86.Build.0 = Release|x86
		{E5865963-2DC3-4F0D-B80C-76A1092E43E4}.Debug|Any CPU.ActiveCfg = Debug|Any CPU
		{E5865963-2DC3-4F0D-B80C-76A1092E43E4}.Debug|Any CPU.Build.0 = Debug|Any CPU
		{E5865963-2DC3-4F0D-B80C-76A1092E43E4}.Debug|Mixed Platforms.ActiveCfg = Debug|Any CPU
		{E5865963-2DC3-4F0D-B80C-76A1092E43E4}.Debug|Mixed Platforms.Build.0 = Debug|Any CPU
		{E5865963-2DC3-4F0D-B80C-76A1092E43E4}.Debug|Win32.ActiveCfg = Debug|Any CPU
		{E5865963-2DC3-4F0D-B80C-76A1092E43E4}.Debug|x86.ActiveCfg = Debug|Any CPU
		{E5865963-2DC3-4F0D-B80C-76A1092E43E4}.Debug|x86.Build.0 = Debug|Any CPU
		{E5865963-2DC3-4F0D-B80C-76A1092E43E4}.Release|Any CPU.ActiveCfg = Release|Any CPU
		{E5865963-2DC3-4F0D-B80C-76A1092E43E4}.Release|Any CPU.Build.0 = Release|Any CPU
		{E5865963-2DC3-4F0D-B80C-76A1092E43E4}.Release|Mixed Platforms.ActiveCfg = Release|Any CPU
		{E5865963-2DC3-4F0D-B80C-76A1092E43E4}.Release|Mixed Platforms.Build.0 = Release|Any CPU
		{E5865963-2DC3-4F0D-B80C-76A1092E43E4}.Release|Win32.ActiveCfg = Release|Any CPU
		{E5865963-2DC3-4F0D-B80C-76A1092E43E4}.Release|x86.ActiveCfg = Release|Any CPU
		{322AF3BF-B609-477D-9D2B-39A9BBBBC721}.Debug|Any CPU.ActiveCfg = Debug|Any CPU
		{322AF3BF-B609-477D-9D2B-39A9BBBBC721}.Debug|Any CPU.Build.0 = Debug|Any CPU
		{322AF3BF-B609-477D-9D2B-39A9BBBBC721}.Debug|Mixed Platforms.ActiveCfg = Debug|x86
		{322AF3BF-B609-477D-9D2B-39A9BBBBC721}.Debug|Mixed Platforms.Build.0 = Debug|x86
		{322AF3BF-B609-477D-9D2B-39A9BBBBC721}.Debug|Win32.ActiveCfg = Debug|x86
		{322AF3BF-B609-477D-9D2B-39A9BBBBC721}.Debug|x86.ActiveCfg = Debug|x86
		{322AF3BF-B609-477D-9D2B-39A9BBBBC721}.Debug|x86.Build.0 = Debug|x86
		{322AF3BF-B609-477D-9D2B-39A9BBBBC721}.Release|Any CPU.ActiveCfg = Release|Any CPU
		{322AF3BF-B609-477D-9D2B-39A9BBBBC721}.Release|Any CPU.Build.0 = Release|Any CPU
		{322AF3BF-B609-477D-9D2B-39A9BBBBC721}.Release|Mixed Platforms.ActiveCfg = Release|x86
		{322AF3BF-B609-477D-9D2B-39A9BBBBC721}.Release|Mixed Platforms.Build.0 = Release|x86
		{322AF3BF-B609-477D-9D2B-39A9BBBBC721}.Release|Win32.ActiveCfg = Release|x86
		{322AF3BF-B609-477D-9D2B-39A9BBBBC721}.Release|x86.ActiveCfg = Release|x86
		{322AF3BF-B609-477D-9D2B-39A9BBBBC721}.Release|x86.Build.0 = Release|x86
		{3A0F6691-D8D0-4005-902A-215DA5F671B4}.Debug|Any CPU.ActiveCfg = Debug|Any CPU
		{3A0F6691-D8D0-4005-902A-215DA5F671B4}.Debug|Any CPU.Build.0 = Debug|Any CPU
		{3A0F6691-D8D0-4005-902A-215DA5F671B4}.Debug|Mixed Platforms.ActiveCfg = Debug|x86
		{3A0F6691-D8D0-4005-902A-215DA5F671B4}.Debug|Mixed Platforms.Build.0 = Debug|x86
		{3A0F6691-D8D0-4005-902A-215DA5F671B4}.Debug|Win32.ActiveCfg = Debug|x86
		{3A0F6691-D8D0-4005-902A-215DA5F671B4}.Debug|x86.ActiveCfg = Debug|x86
		{3A0F6691-D8D0-4005-902A-215DA5F671B4}.Debug|x86.Build.0 = Debug|x86
		{3A0F6691-D8D0-4005-902A-215DA5F671B4}.Release|Any CPU.ActiveCfg = Release|Any CPU
		{3A0F6691-D8D0-4005-902A-215DA5F671B4}.Release|Any CPU.Build.0 = Release|Any CPU
		{3A0F6691-D8D0-4005-902A-215DA5F671B4}.Release|Mixed Platforms.ActiveCfg = Release|x86
		{3A0F6691-D8D0-4005-902A-215DA5F671B4}.Release|Mixed Platforms.Build.0 = Release|x86
		{3A0F6691-D8D0-4005-902A-215DA5F671B4}.Release|Win32.ActiveCfg = Release|x86
		{3A0F6691-D8D0-4005-902A-215DA5F671B4}.Release|x86.ActiveCfg = Release|x86
		{3A0F6691-D8D0-4005-902A-215DA5F671B4}.Release|x86.Build.0 = Release|x86
		{5F7E6571-AC5E-44BC-A805-A0726D99B82C}.Debug|Any CPU.ActiveCfg = Debug|Any CPU
		{5F7E6571-AC5E-44BC-A805-A0726D99B82C}.Debug|Any CPU.Build.0 = Debug|Any CPU
		{5F7E6571-AC5E-44BC-A805-A0726D99B82C}.Debug|Mixed Platforms.ActiveCfg = Debug|x86
		{5F7E6571-AC5E-44BC-A805-A0726D99B82C}.Debug|Mixed Platforms.Build.0 = Debug|x86
		{5F7E6571-AC5E-44BC-A805-A0726D99B82C}.Debug|Win32.ActiveCfg = Debug|x86
		{5F7E6571-AC5E-44BC-A805-A0726D99B82C}.Debug|x86.ActiveCfg = Debug|x86
		{5F7E6571-AC5E-44BC-A805-A0726D99B82C}.Debug|x86.Build.0 = Debug|x86
		{5F7E6571-AC5E-44BC-A805-A0726D99B82C}.Release|Any CPU.ActiveCfg = Release|Any CPU
		{5F7E6571-AC5E-44BC-A805-A0726D99B82C}.Release|Any CPU.Build.0 = Release|Any CPU
		{5F7E6571-AC5E-44BC-A805-A0726D99B82C}.Release|Mixed Platforms.ActiveCfg = Release|x86
		{5F7E6571-AC5E-44BC-A805-A0726D99B82C}.Release|Mixed Platforms.Build.0 = Release|x86
		{5F7E6571-AC5E-44BC-A805-A0726D99B82C}.Release|Win32.ActiveCfg = Release|x86
		{5F7E6571-AC5E-44BC-A805-A0726D99B82C}.Release|x86.ActiveCfg = Release|x86
		{5F7E6571-AC5E-44BC-A805-A0726D99B82C}.Release|x86.Build.0 = Release|x86
		{A0B4DC0C-A2F2-4C15-92A5-75BD64365F2E}.Debug|Any CPU.ActiveCfg = Debug|Win32
		{A0B4DC0C-A2F2-4C15-92A5-75BD64365F2E}.Debug|Mixed Platforms.ActiveCfg = Debug|Win32
		{A0B4DC0C-A2F2-4C15-92A5-75BD64365F2E}.Debug|Mixed Platforms.Build.0 = Debug|Win32
		{A0B4DC0C-A2F2-4C15-92A5-75BD64365F2E}.Debug|Win32.ActiveCfg = Debug|Win32
		{A0B4DC0C-A2F2-4C15-92A5-75BD64365F2E}.Debug|Win32.Build.0 = Debug|Win32
		{A0B4DC0C-A2F2-4C15-92A5-75BD64365F2E}.Debug|x86.ActiveCfg = Debug|Win32
		{A0B4DC0C-A2F2-4C15-92A5-75BD64365F2E}.Debug|x86.Build.0 = Debug|Win32
		{A0B4DC0C-A2F2-4C15-92A5-75BD64365F2E}.Release|Any CPU.ActiveCfg = Release|Win32
		{A0B4DC0C-A2F2-4C15-92A5-75BD64365F2E}.Release|Mixed Platforms.ActiveCfg = Release|Win32
		{A0B4DC0C-A2F2-4C15-92A5-75BD64365F2E}.Release|Mixed Platforms.Build.0 = Release|Win32
		{A0B4DC0C-A2F2-4C15-92A5-75BD64365F2E}.Release|Win32.ActiveCfg = Release|Win32
		{A0B4DC0C-A2F2-4C15-92A5-75BD64365F2E}.Release|Win32.Build.0 = Release|Win32
		{A0B4DC0C-A2F2-4C15-92A5-75BD64365F2E}.Release|x86.ActiveCfg = Release|Win32
		{3C726999-1AD1-4321-8D63-D1136A3F071C}.Debug|Any CPU.ActiveCfg = Debug|Any CPU
		{3C726999-1AD1-4321-8D63-D1136A3F071C}.Debug|Any CPU.Build.0 = Debug|Any CPU
		{3C726999-1AD1-4321-8D63-D1136A3F071C}.Debug|Mixed Platforms.ActiveCfg = Debug|x86
		{3C726999-1AD1-4321-8D63-D1136A3F071C}.Debug|Mixed Platforms.Build.0 = Debug|x86
		{3C726999-1AD1-4321-8D63-D1136A3F071C}.Debug|Win32.ActiveCfg = Debug|x86
		{3C726999-1AD1-4321-8D63-D1136A3F071C}.Debug|x86.ActiveCfg = Debug|x86
		{3C726999-1AD1-4321-8D63-D1136A3F071C}.Debug|x86.Build.0 = Debug|x86
		{3C726999-1AD1-4321-8D63-D1136A3F071C}.Release|Any CPU.ActiveCfg = Release|Any CPU
		{3C726999-1AD1-4321-8D63-D1136A3F071C}.Release|Any CPU.Build.0 = Release|Any CPU
		{3C726999-1AD1-4321-8D63-D1136A3F071C}.Release|Mixed Platforms.ActiveCfg = Release|x86
		{3C726999-1AD1-4321-8D63-D1136A3F071C}.Release|Mixed Platforms.Build.0 = Release|x86
		{3C726999-1AD1-4321-8D63-D1136A3F071C}.Release|Win32.ActiveCfg = Release|x86
		{3C726999-1AD1-4321-8D63-D1136A3F071C}.Release|x86.ActiveCfg = Release|x86
		{3C726999-1AD1-4321-8D63-D1136A3F071C}.Release|x86.Build.0 = Release|x86
		{8DE992CA-DA95-4AEF-AB52-01332A034536}.Debug|Any CPU.ActiveCfg = Debug|Any CPU
		{8DE992CA-DA95-4AEF-AB52-01332A034536}.Debug|Any CPU.Build.0 = Debug|Any CPU
		{8DE992CA-DA95-4AEF-AB52-01332A034536}.Debug|Mixed Platforms.ActiveCfg = Debug|Any CPU
		{8DE992CA-DA95-4AEF-AB52-01332A034536}.Debug|Mixed Platforms.Build.0 = Debug|Any CPU
		{8DE992CA-DA95-4AEF-AB52-01332A034536}.Debug|Win32.ActiveCfg = Debug|Any CPU
		{8DE992CA-DA95-4AEF-AB52-01332A034536}.Debug|x86.ActiveCfg = Debug|Any CPU
		{8DE992CA-DA95-4AEF-AB52-01332A034536}.Debug|x86.Build.0 = Debug|Any CPU
		{8DE992CA-DA95-4AEF-AB52-01332A034536}.Release|Any CPU.ActiveCfg = Release|Any CPU
		{8DE992CA-DA95-4AEF-AB52-01332A034536}.Release|Any CPU.Build.0 = Release|Any CPU
		{8DE992CA-DA95-4AEF-AB52-01332A034536}.Release|Mixed Platforms.ActiveCfg = Release|Any CPU
		{8DE992CA-DA95-4AEF-AB52-01332A034536}.Release|Mixed Platforms.Build.0 = Release|Any CPU
		{8DE992CA-DA95-4AEF-AB52-01332A034536}.Release|Win32.ActiveCfg = Release|Any CPU
		{8DE992CA-DA95-4AEF-AB52-01332A034536}.Release|x86.ActiveCfg = Release|Any CPU
		{6B46E1F3-1818-4AF1-B63F-19E31C6B6170}.Debug|Any CPU.ActiveCfg = Debug|Any CPU
		{6B46E1F3-1818-4AF1-B63F-19E31C6B6170}.Debug|Any CPU.Build.0 = Debug|Any CPU
		{6B46E1F3-1818-4AF1-B63F-19E31C6B6170}.Debug|Mixed Platforms.ActiveCfg = Debug|x86
		{6B46E1F3-1818-4AF1-B63F-19E31C6B6170}.Debug|Mixed Platforms.Build.0 = Debug|x86
		{6B46E1F3-1818-4AF1-B63F-19E31C6B6170}.Debug|Win32.ActiveCfg = Debug|x86
		{6B46E1F3-1818-4AF1-B63F-19E31C6B6170}.Debug|x86.ActiveCfg = Debug|x86
		{6B46E1F3-1818-4AF1-B63F-19E31C6B6170}.Debug|x86.Build.0 = Debug|x86
		{6B46E1F3-1818-4AF1-B63F-19E31C6B6170}.Release|Any CPU.ActiveCfg = Release|Any CPU
		{6B46E1F3-1818-4AF1-B63F-19E31C6B6170}.Release|Any CPU.Build.0 = Release|Any CPU
		{6B46E1F3-1818-4AF1-B63F-19E31C6B6170}.Release|Mixed Platforms.ActiveCfg = Release|x86
		{6B46E1F3-1818-4AF1-B63F-19E31C6B6170}.Release|Mixed Platforms.Build.0 = Release|x86
		{6B46E1F3-1818-4AF1-B63F-19E31C6B6170}.Release|Win32.ActiveCfg = Release|x86
		{6B46E1F3-1818-4AF1-B63F-19E31C6B6170}.Release|x86.ActiveCfg = Release|x86
		{6B46E1F3-1818-4AF1-B63F-19E31C6B6170}.Release|x86.Build.0 = Release|x86
		{949968F4-DD18-406E-93A5-9EA7BEFCD0B0}.Debug|Any CPU.ActiveCfg = Debug|Any CPU
		{949968F4-DD18-406E-93A5-9EA7BEFCD0B0}.Debug|Any CPU.Build.0 = Debug|Any CPU
		{949968F4-DD18-406E-93A5-9EA7BEFCD0B0}.Debug|Mixed Platforms.ActiveCfg = Debug|x86
		{949968F4-DD18-406E-93A5-9EA7BEFCD0B0}.Debug|Mixed Platforms.Build.0 = Debug|x86
		{949968F4-DD18-406E-93A5-9EA7BEFCD0B0}.Debug|Win32.ActiveCfg = Debug|x86
		{949968F4-DD18-406E-93A5-9EA7BEFCD0B0}.Debug|x86.ActiveCfg = Debug|x86
		{949968F4-DD18-406E-93A5-9EA7BEFCD0B0}.Debug|x86.Build.0 = Debug|x86
		{949968F4-DD18-406E-93A5-9EA7BEFCD0B0}.Release|Any CPU.ActiveCfg = Release|Any CPU
		{949968F4-DD18-406E-93A5-9EA7BEFCD0B0}.Release|Any CPU.Build.0 = Release|Any CPU
		{949968F4-DD18-406E-93A5-9EA7BEFCD0B0}.Release|Mixed Platforms.ActiveCfg = Release|x86
		{949968F4-DD18-406E-93A5-9EA7BEFCD0B0}.Release|Mixed Platforms.Build.0 = Release|x86
		{949968F4-DD18-406E-93A5-9EA7BEFCD0B0}.Release|Win32.ActiveCfg = Release|x86
		{949968F4-DD18-406E-93A5-9EA7BEFCD0B0}.Release|x86.ActiveCfg = Release|x86
		{949968F4-DD18-406E-93A5-9EA7BEFCD0B0}.Release|x86.Build.0 = Release|x86
		{1614095B-FC53-4CD6-BFAE-1D2D2ED81332}.Debug|Any CPU.ActiveCfg = Debug|Any CPU
		{1614095B-FC53-4CD6-BFAE-1D2D2ED81332}.Debug|Any CPU.Build.0 = Debug|Any CPU
		{1614095B-FC53-4CD6-BFAE-1D2D2ED81332}.Debug|Mixed Platforms.ActiveCfg = Debug|x86
		{1614095B-FC53-4CD6-BFAE-1D2D2ED81332}.Debug|Mixed Platforms.Build.0 = Debug|x86
		{1614095B-FC53-4CD6-BFAE-1D2D2ED81332}.Debug|Win32.ActiveCfg = Debug|x86
		{1614095B-FC53-4CD6-BFAE-1D2D2ED81332}.Debug|x86.ActiveCfg = Debug|x86
		{1614095B-FC53-4CD6-BFAE-1D2D2ED81332}.Debug|x86.Build.0 = Debug|x86
		{1614095B-FC53-4CD6-BFAE-1D2D2ED81332}.Release|Any CPU.ActiveCfg = Release|Any CPU
		{1614095B-FC53-4CD6-BFAE-1D2D2ED81332}.Release|Any CPU.Build.0 = Release|Any CPU
		{1614095B-FC53-4CD6-BFAE-1D2D2ED81332}.Release|Mixed Platforms.ActiveCfg = Release|x86
		{1614095B-FC53-4CD6-BFAE-1D2D2ED81332}.Release|Mixed Platforms.Build.0 = Release|x86
		{1614095B-FC53-4CD6-BFAE-1D2D2ED81332}.Release|Win32.ActiveCfg = Release|x86
		{1614095B-FC53-4CD6-BFAE-1D2D2ED81332}.Release|x86.ActiveCfg = Release|x86
		{1614095B-FC53-4CD6-BFAE-1D2D2ED81332}.Release|x86.Build.0 = Release|x86
		{9E74DCDB-34E6-41CB-B677-C9A0D6C4C10D}.Debug|Any CPU.ActiveCfg = Debug|Any CPU
		{9E74DCDB-34E6-41CB-B677-C9A0D6C4C10D}.Debug|Any CPU.Build.0 = Debug|Any CPU
		{9E74DCDB-34E6-41CB-B677-C9A0D6C4C10D}.Debug|Mixed Platforms.ActiveCfg = Debug|Any CPU
		{9E74DCDB-34E6-41CB-B677-C9A0D6C4C10D}.Debug|Mixed Platforms.Build.0 = Debug|Any CPU
		{9E74DCDB-34E6-41CB-B677-C9A0D6C4C10D}.Debug|Win32.ActiveCfg = Debug|Any CPU
		{9E74DCDB-34E6-41CB-B677-C9A0D6C4C10D}.Debug|x86.ActiveCfg = Debug|Any CPU
		{9E74DCDB-34E6-41CB-B677-C9A0D6C4C10D}.Debug|x86.Build.0 = Debug|Any CPU
		{9E74DCDB-34E6-41CB-B677-C9A0D6C4C10D}.Release|Any CPU.ActiveCfg = Release|Any CPU
		{9E74DCDB-34E6-41CB-B677-C9A0D6C4C10D}.Release|Any CPU.Build.0 = Release|Any CPU
		{9E74DCDB-34E6-41CB-B677-C9A0D6C4C10D}.Release|Mixed Platforms.ActiveCfg = Release|Any CPU
		{9E74DCDB-34E6-41CB-B677-C9A0D6C4C10D}.Release|Mixed Platforms.Build.0 = Release|Any CPU
		{9E74DCDB-34E6-41CB-B677-C9A0D6C4C10D}.Release|Win32.ActiveCfg = Release|Any CPU
		{9E74DCDB-34E6-41CB-B677-C9A0D6C4C10D}.Release|x86.ActiveCfg = Release|Any CPU
		{86E2D927-2C40-4488-A51A-0A1104478886}.Debug|Any CPU.ActiveCfg = Debug|Any CPU
		{86E2D927-2C40-4488-A51A-0A1104478886}.Debug|Any CPU.Build.0 = Debug|Any CPU
		{86E2D927-2C40-4488-A51A-0A1104478886}.Debug|Mixed Platforms.ActiveCfg = Debug|x86
		{86E2D927-2C40-4488-A51A-0A1104478886}.Debug|Mixed Platforms.Build.0 = Debug|x86
		{86E2D927-2C40-4488-A51A-0A1104478886}.Debug|Win32.ActiveCfg = Debug|x86
		{86E2D927-2C40-4488-A51A-0A1104478886}.Debug|x86.ActiveCfg = Debug|x86
		{86E2D927-2C40-4488-A51A-0A1104478886}.Debug|x86.Build.0 = Debug|x86
		{86E2D927-2C40-4488-A51A-0A1104478886}.Release|Any CPU.ActiveCfg = Release|Any CPU
		{86E2D927-2C40-4488-A51A-0A1104478886}.Release|Any CPU.Build.0 = Release|Any CPU
		{86E2D927-2C40-4488-A51A-0A1104478886}.Release|Mixed Platforms.ActiveCfg = Release|x86
		{86E2D927-2C40-4488-A51A-0A1104478886}.Release|Mixed Platforms.Build.0 = Release|x86
		{86E2D927-2C40-4488-A51A-0A1104478886}.Release|Win32.ActiveCfg = Release|x86
		{86E2D927-2C40-4488-A51A-0A1104478886}.Release|x86.ActiveCfg = Release|x86
		{86E2D927-2C40-4488-A51A-0A1104478886}.Release|x86.Build.0 = Release|x86
		{2D18BE89-D210-49EB-A9DD-2246FBB3DF6D}.Debug|Any CPU.ActiveCfg = Debug|Any CPU
		{2D18BE89-D210-49EB-A9DD-2246FBB3DF6D}.Debug|Any CPU.Build.0 = Debug|Any CPU
		{2D18BE89-D210-49EB-A9DD-2246FBB3DF6D}.Debug|Mixed Platforms.ActiveCfg = Debug|x86
		{2D18BE89-D210-49EB-A9DD-2246FBB3DF6D}.Debug|Mixed Platforms.Build.0 = Debug|x86
		{2D18BE89-D210-49EB-A9DD-2246FBB3DF6D}.Debug|Win32.ActiveCfg = Debug|x86
		{2D18BE89-D210-49EB-A9DD-2246FBB3DF6D}.Debug|x86.ActiveCfg = Debug|x86
		{2D18BE89-D210-49EB-A9DD-2246FBB3DF6D}.Debug|x86.Build.0 = Debug|x86
		{2D18BE89-D210-49EB-A9DD-2246FBB3DF6D}.Release|Any CPU.ActiveCfg = Release|Any CPU
		{2D18BE89-D210-49EB-A9DD-2246FBB3DF6D}.Release|Any CPU.Build.0 = Release|Any CPU
		{2D18BE89-D210-49EB-A9DD-2246FBB3DF6D}.Release|Mixed Platforms.ActiveCfg = Release|x86
		{2D18BE89-D210-49EB-A9DD-2246FBB3DF6D}.Release|Mixed Platforms.Build.0 = Release|x86
		{2D18BE89-D210-49EB-A9DD-2246FBB3DF6D}.Release|Win32.ActiveCfg = Release|x86
		{2D18BE89-D210-49EB-A9DD-2246FBB3DF6D}.Release|x86.ActiveCfg = Release|x86
		{2D18BE89-D210-49EB-A9DD-2246FBB3DF6D}.Release|x86.Build.0 = Release|x86
		{88F14AAD-B6BC-415A-9195-C3314ADDEA6F}.Debug|Any CPU.ActiveCfg = Debug|Any CPU
		{88F14AAD-B6BC-415A-9195-C3314ADDEA6F}.Debug|Any CPU.Build.0 = Debug|Any CPU
		{88F14AAD-B6BC-415A-9195-C3314ADDEA6F}.Debug|Mixed Platforms.ActiveCfg = Debug|Any CPU
		{88F14AAD-B6BC-415A-9195-C3314ADDEA6F}.Debug|Mixed Platforms.Build.0 = Debug|Any CPU
		{88F14AAD-B6BC-415A-9195-C3314ADDEA6F}.Debug|Win32.ActiveCfg = Debug|Any CPU
		{88F14AAD-B6BC-415A-9195-C3314ADDEA6F}.Debug|x86.ActiveCfg = Debug|Any CPU
		{88F14AAD-B6BC-415A-9195-C3314ADDEA6F}.Release|Any CPU.ActiveCfg = Release|Any CPU
		{88F14AAD-B6BC-415A-9195-C3314ADDEA6F}.Release|Any CPU.Build.0 = Release|Any CPU
		{88F14AAD-B6BC-415A-9195-C3314ADDEA6F}.Release|Mixed Platforms.ActiveCfg = Release|Any CPU
		{88F14AAD-B6BC-415A-9195-C3314ADDEA6F}.Release|Mixed Platforms.Build.0 = Release|Any CPU
		{88F14AAD-B6BC-415A-9195-C3314ADDEA6F}.Release|Win32.ActiveCfg = Release|Any CPU
		{88F14AAD-B6BC-415A-9195-C3314ADDEA6F}.Release|x86.ActiveCfg = Release|Any CPU
		{5ACCE3B7-EB06-439E-B24D-393ECAB98980}.Debug|Any CPU.ActiveCfg = Debug|Any CPU
		{5ACCE3B7-EB06-439E-B24D-393ECAB98980}.Debug|Any CPU.Build.0 = Debug|Any CPU
		{5ACCE3B7-EB06-439E-B24D-393ECAB98980}.Debug|Mixed Platforms.ActiveCfg = Debug|x86
		{5ACCE3B7-EB06-439E-B24D-393ECAB98980}.Debug|Mixed Platforms.Build.0 = Debug|x86
		{5ACCE3B7-EB06-439E-B24D-393ECAB98980}.Debug|Win32.ActiveCfg = Debug|x86
		{5ACCE3B7-EB06-439E-B24D-393ECAB98980}.Debug|x86.ActiveCfg = Debug|x86
		{5ACCE3B7-EB06-439E-B24D-393ECAB98980}.Debug|x86.Build.0 = Debug|x86
		{5ACCE3B7-EB06-439E-B24D-393ECAB98980}.Release|Any CPU.ActiveCfg = Release|Any CPU
		{5ACCE3B7-EB06-439E-B24D-393ECAB98980}.Release|Any CPU.Build.0 = Release|Any CPU
		{5ACCE3B7-EB06-439E-B24D-393ECAB98980}.Release|Mixed Platforms.ActiveCfg = Release|x86
		{5ACCE3B7-EB06-439E-B24D-393ECAB98980}.Release|Mixed Platforms.Build.0 = Release|x86
		{5ACCE3B7-EB06-439E-B24D-393ECAB98980}.Release|Win32.ActiveCfg = Release|x86
		{5ACCE3B7-EB06-439E-B24D-393ECAB98980}.Release|x86.ActiveCfg = Release|x86
		{5ACCE3B7-EB06-439E-B24D-393ECAB98980}.Release|x86.Build.0 = Release|x86
		{6A6BA51A-A49E-4BE9-8C5D-2B332EFA0B62}.Debug|Any CPU.ActiveCfg = Debug|Any CPU
		{6A6BA51A-A49E-4BE9-8C5D-2B332EFA0B62}.Debug|Any CPU.Build.0 = Debug|Any CPU
		{6A6BA51A-A49E-4BE9-8C5D-2B332EFA0B62}.Debug|Mixed Platforms.ActiveCfg = Debug|x86
		{6A6BA51A-A49E-4BE9-8C5D-2B332EFA0B62}.Debug|Mixed Platforms.Build.0 = Debug|x86
		{6A6BA51A-A49E-4BE9-8C5D-2B332EFA0B62}.Debug|Win32.ActiveCfg = Debug|x86
		{6A6BA51A-A49E-4BE9-8C5D-2B332EFA0B62}.Debug|x86.ActiveCfg = Debug|x86
		{6A6BA51A-A49E-4BE9-8C5D-2B332EFA0B62}.Debug|x86.Build.0 = Debug|x86
		{6A6BA51A-A49E-4BE9-8C5D-2B332EFA0B62}.Release|Any CPU.ActiveCfg = Release|Any CPU
		{6A6BA51A-A49E-4BE9-8C5D-2B332EFA0B62}.Release|Any CPU.Build.0 = Release|Any CPU
		{6A6BA51A-A49E-4BE9-8C5D-2B332EFA0B62}.Release|Mixed Platforms.ActiveCfg = Release|x86
		{6A6BA51A-A49E-4BE9-8C5D-2B332EFA0B62}.Release|Mixed Platforms.Build.0 = Release|x86
		{6A6BA51A-A49E-4BE9-8C5D-2B332EFA0B62}.Release|Win32.ActiveCfg = Release|x86
		{6A6BA51A-A49E-4BE9-8C5D-2B332EFA0B62}.Release|x86.ActiveCfg = Release|x86
		{6A6BA51A-A49E-4BE9-8C5D-2B332EFA0B62}.Release|x86.Build.0 = Release|x86
		{0F0AFE83-5E47-49CF-888A-79A03FA71321}.Debug|Any CPU.ActiveCfg = Debug|Any CPU
		{0F0AFE83-5E47-49CF-888A-79A03FA71321}.Debug|Any CPU.Build.0 = Debug|Any CPU
		{0F0AFE83-5E47-49CF-888A-79A03FA71321}.Debug|Mixed Platforms.ActiveCfg = Debug|x86
		{0F0AFE83-5E47-49CF-888A-79A03FA71321}.Debug|Mixed Platforms.Build.0 = Debug|x86
		{0F0AFE83-5E47-49CF-888A-79A03FA71321}.Debug|Win32.ActiveCfg = Debug|x86
		{0F0AFE83-5E47-49CF-888A-79A03FA71321}.Debug|x86.ActiveCfg = Debug|x86
		{0F0AFE83-5E47-49CF-888A-79A03FA71321}.Debug|x86.Build.0 = Debug|x86
		{0F0AFE83-5E47-49CF-888A-79A03FA71321}.Release|Any CPU.ActiveCfg = Release|Any CPU
		{0F0AFE83-5E47-49CF-888A-79A03FA71321}.Release|Any CPU.Build.0 = Release|Any CPU
		{0F0AFE83-5E47-49CF-888A-79A03FA71321}.Release|Mixed Platforms.ActiveCfg = Release|x86
		{0F0AFE83-5E47-49CF-888A-79A03FA71321}.Release|Mixed Platforms.Build.0 = Release|x86
		{0F0AFE83-5E47-49CF-888A-79A03FA71321}.Release|Win32.ActiveCfg = Release|x86
		{0F0AFE83-5E47-49CF-888A-79A03FA71321}.Release|x86.ActiveCfg = Release|x86
		{0F0AFE83-5E47-49CF-888A-79A03FA71321}.Release|x86.Build.0 = Release|x86
	EndGlobalSection
	GlobalSection(SolutionProperties) = preSolution
		HideSolutionNode = FALSE
	EndGlobalSection
EndGlobal
