
Microsoft Visual Studio Solution File, Format Version 12.00
# Visual Studio 14
VisualStudioVersion = 14.0.24720.0
MinimumVisualStudioVersion = 10.0.40219.1
Project("{FAE04EC0-301F-11D3-BF4B-00C04F79EFBC}") = "SolutionExplorer", "SolutionExplorer.csproj", "{66ABBF74-CE85-4009-825C-426CE3B79B48}"
EndProject
Project("{FAE04EC0-301F-11D3-BF4B-00C04F79EFBC}") = "DataGridView_2xls", "..\..\CONTROLS\DataGridView_2xls\DataGridView_2xls.csproj", "{3A0F6691-D8D0-4005-902A-215DA5F671B4}"
EndProject
Project("{FAE04EC0-301F-11D3-BF4B-00C04F79EFBC}") = "DigitalRune.Windows.TextEditor", "..\..\CONTROLS\DigitalRune.Windows.TextEditor\DigitalRune.Windows.TextEditor.csproj", "{2D18BE89-D210-49EB-A9DD-2246FBB3DF6D}"
EndProject
Project("{FAE04EC0-301F-11D3-BF4B-00C04F79EFBC}") = "LanguageControl", "..\LanguageControl\LanguageControl.csproj", "{949968F4-DD18-406E-93A5-9EA7BEFCD0B0}"
EndProject
Project("{FAE04EC0-301F-11D3-BF4B-00C04F79EFBC}") = "Excell_Export", "..\..\Excell_Export\Excell_Export.csproj", "{5F7E6571-AC5E-44BC-A805-A0726D99B82C}"
EndProject
Global
	GlobalSection(SolutionConfigurationPlatforms) = preSolution
		Debug|Any CPU = Debug|Any CPU
		Debug|x86 = Debug|x86
		Release|Any CPU = Release|Any CPU
		Release|x86 = Release|x86
	EndGlobalSection
	GlobalSection(ProjectConfigurationPlatforms) = postSolution
		{66ABBF74-CE85-4009-825C-426CE3B79B48}.Debug|Any CPU.ActiveCfg = Debug|Any CPU
		{66ABBF74-CE85-4009-825C-426CE3B79B48}.Debug|Any CPU.Build.0 = Debug|Any CPU
		{66ABBF74-CE85-4009-825C-426CE3B79B48}.Debug|x86.ActiveCfg = Debug|Any CPU
		{66ABBF74-CE85-4009-825C-426CE3B79B48}.Debug|x86.Build.0 = Debug|Any CPU
		{66ABBF74-CE85-4009-825C-426CE3B79B48}.Release|Any CPU.ActiveCfg = Release|Any CPU
		{66ABBF74-CE85-4009-825C-426CE3B79B48}.Release|Any CPU.Build.0 = Release|Any CPU
		{66ABBF74-CE85-4009-825C-426CE3B79B48}.Release|x86.ActiveCfg = Release|Any CPU
		{66ABBF74-CE85-4009-825C-426CE3B79B48}.Release|x86.Build.0 = Release|Any CPU
		{3A0F6691-D8D0-4005-902A-215DA5F671B4}.Debug|Any CPU.ActiveCfg = Debug|Any CPU
		{3A0F6691-D8D0-4005-902A-215DA5F671B4}.Debug|Any CPU.Build.0 = Debug|Any CPU
		{3A0F6691-D8D0-4005-902A-215DA5F671B4}.Debug|x86.ActiveCfg = Debug|x86
		{3A0F6691-D8D0-4005-902A-215DA5F671B4}.Debug|x86.Build.0 = Debug|x86
		{3A0F6691-D8D0-4005-902A-215DA5F671B4}.Release|Any CPU.ActiveCfg = Release|Any CPU
		{3A0F6691-D8D0-4005-902A-215DA5F671B4}.Release|Any CPU.Build.0 = Release|Any CPU
		{3A0F6691-D8D0-4005-902A-215DA5F671B4}.Release|x86.ActiveCfg = Release|x86
		{3A0F6691-D8D0-4005-902A-215DA5F671B4}.Release|x86.Build.0 = Release|x86
		{2D18BE89-D210-49EB-A9DD-2246FBB3DF6D}.Debug|Any CPU.ActiveCfg = Debug|Any CPU
		{2D18BE89-D210-49EB-A9DD-2246FBB3DF6D}.Debug|Any CPU.Build.0 = Debug|Any CPU
		{2D18BE89-D210-49EB-A9DD-2246FBB3DF6D}.Debug|x86.ActiveCfg = Debug|x86
		{2D18BE89-D210-49EB-A9DD-2246FBB3DF6D}.Debug|x86.Build.0 = Debug|x86
		{2D18BE89-D210-49EB-A9DD-2246FBB3DF6D}.Release|Any CPU.ActiveCfg = Release|Any CPU
		{2D18BE89-D210-49EB-A9DD-2246FBB3DF6D}.Release|Any CPU.Build.0 = Release|Any CPU
		{2D18BE89-D210-49EB-A9DD-2246FBB3DF6D}.Release|x86.ActiveCfg = Release|x86
		{2D18BE89-D210-49EB-A9DD-2246FBB3DF6D}.Release|x86.Build.0 = Release|x86
		{949968F4-DD18-406E-93A5-9EA7BEFCD0B0}.Debug|Any CPU.ActiveCfg = Debug|Any CPU
		{949968F4-DD18-406E-93A5-9EA7BEFCD0B0}.Debug|Any CPU.Build.0 = Debug|Any CPU
		{949968F4-DD18-406E-93A5-9EA7BEFCD0B0}.Debug|x86.ActiveCfg = Debug|x86
		{949968F4-DD18-406E-93A5-9EA7BEFCD0B0}.Debug|x86.Build.0 = Debug|x86
		{949968F4-DD18-406E-93A5-9EA7BEFCD0B0}.Release|Any CPU.ActiveCfg = Release|Any CPU
		{949968F4-DD18-406E-93A5-9EA7BEFCD0B0}.Release|Any CPU.Build.0 = Release|Any CPU
		{949968F4-DD18-406E-93A5-9EA7BEFCD0B0}.Release|x86.ActiveCfg = Release|x86
		{949968F4-DD18-406E-93A5-9EA7BEFCD0B0}.Release|x86.Build.0 = Release|x86
		{5F7E6571-AC5E-44BC-A805-A0726D99B82C}.Debug|Any CPU.ActiveCfg = Debug|Any CPU
		{5F7E6571-AC5E-44BC-A805-A0726D99B82C}.Debug|Any CPU.Build.0 = Debug|Any CPU
		{5F7E6571-AC5E-44BC-A805-A0726D99B82C}.Debug|x86.ActiveCfg = Debug|x86
		{5F7E6571-AC5E-44BC-A805-A0726D99B82C}.Debug|x86.Build.0 = Debug|x86
		{5F7E6571-AC5E-44BC-A805-A0726D99B82C}.Release|Any CPU.ActiveCfg = Release|Any CPU
		{5F7E6571-AC5E-44BC-A805-A0726D99B82C}.Release|Any CPU.Build.0 = Release|Any CPU
		{5F7E6571-AC5E-44BC-A805-A0726D99B82C}.Release|x86.ActiveCfg = Release|x86
		{5F7E6571-AC5E-44BC-A805-A0726D99B82C}.Release|x86.Build.0 = Release|x86
	EndGlobalSection
	GlobalSection(SolutionProperties) = preSolution
		HideSolutionNode = FALSE
	EndGlobalSection
EndGlobal
