Microsoft Visual Studio Solution File, Format Version 12.00
# Visual Studio 14
VisualStudioVersion = 14.0.25420.1
MinimumVisualStudioVersion = 10.0.40219.1
Project("{FAE04EC0-301F-11D3-BF4B-00C04F79EFBC}") = "ECB_ExchangeRates_TEST", "ECB_ExchangeRates_TEST.csproj", "{CA0BFD58-8E25-4DED-A8C1-55747AF7CE00}"
EndProject
Project("{FAE04EC0-301F-11D3-BF4B-00C04F79EFBC}") = "ECB_ExchangeRates", "..\ECB_ExchangeRates\ECB_ExchangeRates.csproj", "{23187E10-F2FE-4B8F-ABB6-4C93C837E448}"
EndProject
Global
	GlobalSection(SolutionConfigurationPlatforms) = preSolution
		Debug|Any CPU = Debug|Any CPU
		Release|Any CPU = Release|Any CPU
	EndGlobalSection
	GlobalSection(ProjectConfigurationPlatforms) = postSolution
		{CA0BFD58-8E25-4DED-A8C1-55747AF7CE00}.Debug|Any CPU.ActiveCfg = Debug|Any CPU
		{CA0BFD58-8E25-4DED-A8C1-55747AF7CE00}.Debug|Any CPU.Build.0 = Debug|Any CPU
		{CA0BFD58-8E25-4DED-A8C1-55747AF7CE00}.Release|Any CPU.ActiveCfg = Release|Any CPU
		{CA0BFD58-8E25-4DED-A8C1-55747AF7CE00}.Release|Any CPU.Build.0 = Release|Any CPU
		{23187E10-F2FE-4B8F-ABB6-4C93C837E448}.Debug|Any CPU.ActiveCfg = Debug|Any CPU
		{23187E10-F2FE-4B8F-ABB6-4C93C837E448}.Debug|Any CPU.Build.0 = Debug|Any CPU
		{23187E10-F2FE-4B8F-ABB6-4C93C837E448}.Release|Any CPU.ActiveCfg = Release|Any CPU
		{23187E10-F2FE-4B8F-ABB6-4C93C837E448}.Release|Any CPU.Build.0 = Release|Any CPU
	EndGlobalSection
	GlobalSection(SolutionProperties) = preSolution
		HideSolutionNode = FALSE
	EndGlobalSection
EndGlobal
